// !$*UTF8*$!
{
	archiveVersion = 1;
	classes = {
	};
	objectVersion = 46;
	objects = {

/* Begin PBXBuildFile section */
		962934FD1D2E9D29004C9EBC /* AppDelegate.swift in Sources */ = {isa = PBXBuildFile; fileRef = 962934FC1D2E9D29004C9EBC /* AppDelegate.swift */; };
		962934FF1D2E9D29004C9EBC /* ViewController.swift in Sources */ = {isa = PBXBuildFile; fileRef = 962934FE1D2E9D29004C9EBC /* ViewController.swift */; };
		962935021D2E9D29004C9EBC /* Main.storyboard in Resources */ = {isa = PBXBuildFile; fileRef = 962935001D2E9D29004C9EBC /* Main.storyboard */; };
		962935051D2E9D29004C9EBC /* pokedex.xcdatamodeld in Sources */ = {isa = PBXBuildFile; fileRef = 962935031D2E9D29004C9EBC /* pokedex.xcdatamodeld */; };
		962935071D2E9D29004C9EBC /* Assets.xcassets in Resources */ = {isa = PBXBuildFile; fileRef = 962935061D2E9D29004C9EBC /* Assets.xcassets */; };
		9629350A1D2E9D29004C9EBC /* LaunchScreen.storyboard in Resources */ = {isa = PBXBuildFile; fileRef = 962935081D2E9D29004C9EBC /* LaunchScreen.storyboard */; };
		962935121D2EA21A004C9EBC /* pokemon.csv in Resources */ = {isa = PBXBuildFile; fileRef = 962935111D2EA21A004C9EBC /* pokemon.csv */; };
		962935181D2EA394004C9EBC /* Pokemon.swift in Sources */ = {isa = PBXBuildFile; fileRef = 962935171D2EA394004C9EBC /* Pokemon.swift */; };
		9629351A1D2EAB57004C9EBC /* PokeCell.swift in Sources */ = {isa = PBXBuildFile; fileRef = 962935191D2EAB57004C9EBC /* PokeCell.swift */; };
		9629351C1D304D06004C9EBC /* csv.swift in Sources */ = {isa = PBXBuildFile; fileRef = 9629351B1D304D06004C9EBC /* csv.swift */; };
		962935201D32C332004C9EBC /* pokemon.ttf in Resources */ = {isa = PBXBuildFile; fileRef = 9629351F1D32C332004C9EBC /* pokemon.ttf */; };
		962935221D32C9B5004C9EBC /* music.mp3 in Resources */ = {isa = PBXBuildFile; fileRef = 962935211D32C9B5004C9EBC /* music.mp3 */; };
		962935241D32E50F004C9EBC /* PokemonDetailVC.swift in Sources */ = {isa = PBXBuildFile; fileRef = 962935231D32E50F004C9EBC /* PokemonDetailVC.swift */; };
		A5DF62359789C1255E4661C8 /* Pods_pokedex.framework in Frameworks */ = {isa = PBXBuildFile; fileRef = 9BA7E29F4489FF10EDBDFA6C /* Pods_pokedex.framework */; };
/* End PBXBuildFile section */

/* Begin PBXFileReference section */
		529847FD96E6DA5C11DBE256 /* Pods-pokedex.debug.xcconfig */ = {isa = PBXFileReference; includeInIndex = 1; lastKnownFileType = text.xcconfig; name = "Pods-pokedex.debug.xcconfig"; path = "Pods/Target Support Files/Pods-pokedex/Pods-pokedex.debug.xcconfig"; sourceTree = "<group>"; };
		962934F91D2E9D29004C9EBC /* pokedex.app */ = {isa = PBXFileReference; explicitFileType = wrapper.application; includeInIndex = 0; path = pokedex.app; sourceTree = BUILT_PRODUCTS_DIR; };
		962934FC1D2E9D29004C9EBC /* AppDelegate.swift */ = {isa = PBXFileReference; lastKnownFileType = sourcecode.swift; path = AppDelegate.swift; sourceTree = "<group>"; };
		962934FE1D2E9D29004C9EBC /* ViewController.swift */ = {isa = PBXFileReference; lastKnownFileType = sourcecode.swift; path = ViewController.swift; sourceTree = "<group>"; };
		962935011D2E9D29004C9EBC /* Base */ = {isa = PBXFileReference; lastKnownFileType = file.storyboard; name = Base; path = Base.lproj/Main.storyboard; sourceTree = "<group>"; };
		962935041D2E9D29004C9EBC /* pokedex.xcdatamodel */ = {isa = PBXFileReference; lastKnownFileType = wrapper.xcdatamodel; path = pokedex.xcdatamodel; sourceTree = "<group>"; };
		962935061D2E9D29004C9EBC /* Assets.xcassets */ = {isa = PBXFileReference; lastKnownFileType = folder.assetcatalog; path = Assets.xcassets; sourceTree = "<group>"; };
		962935091D2E9D29004C9EBC /* Base */ = {isa = PBXFileReference; lastKnownFileType = file.storyboard; name = Base; path = Base.lproj/LaunchScreen.storyboard; sourceTree = "<group>"; };
		9629350B1D2E9D29004C9EBC /* Info.plist */ = {isa = PBXFileReference; lastKnownFileType = text.plist.xml; path = Info.plist; sourceTree = "<group>"; };
		962935111D2EA21A004C9EBC /* pokemon.csv */ = {isa = PBXFileReference; fileEncoding = 4; lastKnownFileType = text; path = pokemon.csv; sourceTree = "<group>"; };
		962935171D2EA394004C9EBC /* Pokemon.swift */ = {isa = PBXFileReference; fileEncoding = 4; lastKnownFileType = sourcecode.swift; path = Pokemon.swift; sourceTree = "<group>"; };
		962935191D2EAB57004C9EBC /* PokeCell.swift */ = {isa = PBXFileReference; fileEncoding = 4; lastKnownFileType = sourcecode.swift; path = PokeCell.swift; sourceTree = "<group>"; };
		9629351B1D304D06004C9EBC /* csv.swift */ = {isa = PBXFileReference; fileEncoding = 4; lastKnownFileType = sourcecode.swift; name = csv.swift; path = pokedex/csv.swift; sourceTree = "<group>"; };
		9629351F1D32C332004C9EBC /* pokemon.ttf */ = {isa = PBXFileReference; lastKnownFileType = file; path = pokemon.ttf; sourceTree = "<group>"; };
		962935211D32C9B5004C9EBC /* music.mp3 */ = {isa = PBXFileReference; lastKnownFileType = audio.mp3; path = music.mp3; sourceTree = "<group>"; };
		962935231D32E50F004C9EBC /* PokemonDetailVC.swift */ = {isa = PBXFileReference; fileEncoding = 4; lastKnownFileType = sourcecode.swift; path = PokemonDetailVC.swift; sourceTree = "<group>"; };
		9BA7E29F4489FF10EDBDFA6C /* Pods_pokedex.framework */ = {isa = PBXFileReference; explicitFileType = wrapper.framework; includeInIndex = 0; path = Pods_pokedex.framework; sourceTree = BUILT_PRODUCTS_DIR; };
		A7B46F1D63DD30E841E076BE /* Pods-pokedex.release.xcconfig */ = {isa = PBXFileReference; includeInIndex = 1; lastKnownFileType = text.xcconfig; name = "Pods-pokedex.release.xcconfig"; path = "Pods/Target Support Files/Pods-pokedex/Pods-pokedex.release.xcconfig"; sourceTree = "<group>"; };
/* End PBXFileReference section */

/* Begin PBXFrameworksBuildPhase section */
		962934F61D2E9D29004C9EBC /* Frameworks */ = {
			isa = PBXFrameworksBuildPhase;
			buildActionMask = 2147483647;
			files = (
				A5DF62359789C1255E4661C8 /* Pods_pokedex.framework in Frameworks */,
			);
			runOnlyForDeploymentPostprocessing = 0;
		};
/* End PBXFrameworksBuildPhase section */

/* Begin PBXGroup section */
		4A5BA58555BC992B2C3730A4 /* Frameworks */ = {
			isa = PBXGroup;
			children = (
				9BA7E29F4489FF10EDBDFA6C /* Pods_pokedex.framework */,
			);
			name = Frameworks;
			sourceTree = "<group>";
		};
		962934F01D2E9D29004C9EBC = {
			isa = PBXGroup;
			children = (
				962934FB1D2E9D29004C9EBC /* pokedex */,
				962934FA1D2E9D29004C9EBC /* Products */,
				E8292ED69F99B18E3E84A259 /* Pods */,
				4A5BA58555BC992B2C3730A4 /* Frameworks */,
			);
			sourceTree = "<group>";
		};
		962934FA1D2E9D29004C9EBC /* Products */ = {
			isa = PBXGroup;
			children = (
				962934F91D2E9D29004C9EBC /* pokedex.app */,
			);
			name = Products;
			sourceTree = "<group>";
		};
		962934FB1D2E9D29004C9EBC /* pokedex */ = {
			isa = PBXGroup;
			children = (
				962934FC1D2E9D29004C9EBC /* AppDelegate.swift */,
				9629351D1D304FC6004C9EBC /* Util */,
				962935131D2EA34D004C9EBC /* Model */,
				962935161D2EA35F004C9EBC /* View */,
				962935151D2EA358004C9EBC /* Controller */,
				9629351E1D304FEA004C9EBC /* Resources */,
				962935061D2E9D29004C9EBC /* Assets.xcassets */,
				962935001D2E9D29004C9EBC /* Main.storyboard */,
				962935081D2E9D29004C9EBC /* LaunchScreen.storyboard */,
				9629350B1D2E9D29004C9EBC /* Info.plist */,
				962935031D2E9D29004C9EBC /* pokedex.xcdatamodeld */,
			);
			path = pokedex;
			sourceTree = "<group>";
		};
		962935131D2EA34D004C9EBC /* Model */ = {
			isa = PBXGroup;
			children = (
				962935171D2EA394004C9EBC /* Pokemon.swift */,
			);
			name = Model;
			sourceTree = "<group>";
		};
		962935151D2EA358004C9EBC /* Controller */ = {
			isa = PBXGroup;
			children = (
				962934FE1D2E9D29004C9EBC /* ViewController.swift */,
				962935231D32E50F004C9EBC /* PokemonDetailVC.swift */,
			);
			name = Controller;
			sourceTree = "<group>";
		};
		962935161D2EA35F004C9EBC /* View */ = {
			isa = PBXGroup;
			children = (
				962935191D2EAB57004C9EBC /* PokeCell.swift */,
			);
			name = View;
			sourceTree = "<group>";
		};
		9629351D1D304FC6004C9EBC /* Util */ = {
			isa = PBXGroup;
			children = (
				9629351B1D304D06004C9EBC /* csv.swift */,
			);
			name = Util;
			path = ..;
			sourceTree = "<group>";
		};
		9629351E1D304FEA004C9EBC /* Resources */ = {
			isa = PBXGroup;
			children = (
				962935111D2EA21A004C9EBC /* pokemon.csv */,
				962935211D32C9B5004C9EBC /* music.mp3 */,
				9629351F1D32C332004C9EBC /* pokemon.ttf */,
			);
			name = Resources;
			sourceTree = "<group>";
		};
		E8292ED69F99B18E3E84A259 /* Pods */ = {
			isa = PBXGroup;
			children = (
				529847FD96E6DA5C11DBE256 /* Pods-pokedex.debug.xcconfig */,
				A7B46F1D63DD30E841E076BE /* Pods-pokedex.release.xcconfig */,
			);
			name = Pods;
			sourceTree = "<group>";
		};
/* End PBXGroup section */

/* Begin PBXNativeTarget section */
		962934F81D2E9D29004C9EBC /* pokedex */ = {
			isa = PBXNativeTarget;
			buildConfigurationList = 9629350E1D2E9D29004C9EBC /* Build configuration list for PBXNativeTarget "pokedex" */;
			buildPhases = (
				48CB18B7662623B927115CA6 /* 📦 Check Pods Manifest.lock */,
				962934F51D2E9D29004C9EBC /* Sources */,
				962934F61D2E9D29004C9EBC /* Frameworks */,
				962934F71D2E9D29004C9EBC /* Resources */,
				4925346289EC6D8E6FC50AD5 /* 📦 Embed Pods Frameworks */,
				000238FDBA69523A56EC798A /* 📦 Copy Pods Resources */,
			);
			buildRules = (
			);
			dependencies = (
			);
			name = pokedex;
			productName = pokedex;
			productReference = 962934F91D2E9D29004C9EBC /* pokedex.app */;
			productType = "com.apple.product-type.application";
		};
/* End PBXNativeTarget section */

/* Begin PBXProject section */
		962934F11D2E9D29004C9EBC /* Project object */ = {
			isa = PBXProject;
			attributes = {
				LastSwiftUpdateCheck = 0730;
				LastUpgradeCheck = 0730;
				ORGANIZATIONNAME = "lucas fernandez";
				TargetAttributes = {
					962934F81D2E9D29004C9EBC = {
						CreatedOnToolsVersion = 7.3.1;
					};
				};
			};
			buildConfigurationList = 962934F41D2E9D29004C9EBC /* Build configuration list for PBXProject "pokedex" */;
			compatibilityVersion = "Xcode 3.2";
			developmentRegion = English;
			hasScannedForEncodings = 0;
			knownRegions = (
				en,
				Base,
			);
			mainGroup = 962934F01D2E9D29004C9EBC;
			productRefGroup = 962934FA1D2E9D29004C9EBC /* Products */;
			projectDirPath = "";
			projectRoot = "";
			targets = (
				962934F81D2E9D29004C9EBC /* pokedex */,
			);
		};
/* End PBXProject section */

/* Begin PBXResourcesBuildPhase section */
		962934F71D2E9D29004C9EBC /* Resources */ = {
			isa = PBXResourcesBuildPhase;
			buildActionMask = 2147483647;
			files = (
				962935201D32C332004C9EBC /* pokemon.ttf in Resources */,
				9629350A1D2E9D29004C9EBC /* LaunchScreen.storyboard in Resources */,
				962935221D32C9B5004C9EBC /* music.mp3 in Resources */,
				962935071D2E9D29004C9EBC /* Assets.xcassets in Resources */,
				962935121D2EA21A004C9EBC /* pokemon.csv in Resources */,
				962935021D2E9D29004C9EBC /* Main.storyboard in Resources */,
			);
			runOnlyForDeploymentPostprocessing = 0;
		};
/* End PBXResourcesBuildPhase section */

/* Begin PBXShellScriptBuildPhase section */
		000238FDBA69523A56EC798A /* 📦 Copy Pods Resources */ = {
			isa = PBXShellScriptBuildPhase;
			buildActionMask = 2147483647;
			files = (
			);
			inputPaths = (
			);
			name = "📦 Copy Pods Resources";
			outputPaths = (
			);
			runOnlyForDeploymentPostprocessing = 0;
			shellPath = /bin/sh;
			shellScript = "\"${SRCROOT}/Pods/Target Support Files/Pods-pokedex/Pods-pokedex-resources.sh\"\n";
			showEnvVarsInLog = 0;
		};
		48CB18B7662623B927115CA6 /* 📦 Check Pods Manifest.lock */ = {
			isa = PBXShellScriptBuildPhase;
			buildActionMask = 2147483647;
			files = (
			);
			inputPaths = (
			);
			name = "📦 Check Pods Manifest.lock";
			outputPaths = (
			);
			runOnlyForDeploymentPostprocessing = 0;
			shellPath = /bin/sh;
			shellScript = "diff \"${PODS_ROOT}/../Podfile.lock\" \"${PODS_ROOT}/Manifest.lock\" > /dev/null\nif [[ $? != 0 ]] ; then\n    cat << EOM\nerror: The sandbox is not in sync with the Podfile.lock. Run 'pod install' or update your CocoaPods installation.\nEOM\n    exit 1\nfi\n";
			showEnvVarsInLog = 0;
		};
		4925346289EC6D8E6FC50AD5 /* 📦 Embed Pods Frameworks */ = {
			isa = PBXShellScriptBuildPhase;
			buildActionMask = 2147483647;
			files = (
			);
			inputPaths = (
			);
			name = "📦 Embed Pods Frameworks";
			outputPaths = (
			);
			runOnlyForDeploymentPostprocessing = 0;
			shellPath = /bin/sh;
			shellScript = "\"${SRCROOT}/Pods/Target Support Files/Pods-pokedex/Pods-pokedex-frameworks.sh\"\n";
			showEnvVarsInLog = 0;
		};
/* End PBXShellScriptBuildPhase section */

/* Begin PBXSourcesBuildPhase section */
		962934F51D2E9D29004C9EBC /* Sources */ = {
			isa = PBXSourcesBuildPhase;
			buildActionMask = 2147483647;
			files = (
				9629351C1D304D06004C9EBC /* csv.swift in Sources */,
				962935051D2E9D29004C9EBC /* pokedex.xcdatamodeld in Sources */,
				962935181D2EA394004C9EBC /* Pokemon.swift in Sources */,
				962934FF1D2E9D29004C9EBC /* ViewController.swift in Sources */,
				962935241D32E50F004C9EBC /* PokemonDetailVC.swift in Sources */,
				962934FD1D2E9D29004C9EBC /* AppDelegate.swift in Sources */,
				9629351A1D2EAB57004C9EBC /* PokeCell.swift in Sources */,
			);
			runOnlyForDeploymentPostprocessing = 0;
		};
/* End PBXSourcesBuildPhase section */

/* Begin PBXVariantGroup section */
		962935001D2E9D29004C9EBC /* Main.storyboard */ = {
			isa = PBXVariantGroup;
			children = (
				962935011D2E9D29004C9EBC /* Base */,
			);
			name = Main.storyboard;
			sourceTree = "<group>";
		};
		962935081D2E9D29004C9EBC /* LaunchScreen.storyboard */ = {
			isa = PBXVariantGroup;
			children = (
				962935091D2E9D29004C9EBC /* Base */,
			);
			name = LaunchScreen.storyboard;
			sourceTree = "<group>";
		};
/* End PBXVariantGroup section */

/* Begin XCBuildConfiguration section */
		9629350C1D2E9D29004C9EBC /* Debug */ = {
			isa = XCBuildConfiguration;
			buildSettings = {
				ALWAYS_SEARCH_USER_PATHS = NO;
				CLANG_ANALYZER_NONNULL = YES;
				CLANG_CXX_LANGUAGE_STANDARD = "gnu++0x";
				CLANG_CXX_LIBRARY = "libc++";
				CLANG_ENABLE_MODULES = YES;
				CLANG_ENABLE_OBJC_ARC = YES;
				CLANG_WARN_BOOL_CONVERSION = YES;
				CLANG_WARN_CONSTANT_CONVERSION = YES;
				CLANG_WARN_DIRECT_OBJC_ISA_USAGE = YES_ERROR;
				CLANG_WARN_EMPTY_BODY = YES;
				CLANG_WARN_ENUM_CONVERSION = YES;
				CLANG_WARN_INT_CONVERSION = YES;
				CLANG_WARN_OBJC_ROOT_CLASS = YES_ERROR;
				CLANG_WARN_UNREACHABLE_CODE = YES;
				CLANG_WARN__DUPLICATE_METHOD_MATCH = YES;
				"CODE_SIGN_IDENTITY[sdk=iphoneos*]" = "iPhone Developer";
				COPY_PHASE_STRIP = NO;
				DEBUG_INFORMATION_FORMAT = dwarf;
				ENABLE_STRICT_OBJC_MSGSEND = YES;
				ENABLE_TESTABILITY = YES;
				GCC_C_LANGUAGE_STANDARD = gnu99;
				GCC_DYNAMIC_NO_PIC = NO;
				GCC_NO_COMMON_BLOCKS = YES;
				GCC_OPTIMIZATION_LEVEL = 0;
				GCC_PREPROCESSOR_DEFINITIONS = (
					"DEBUG=1",
					"$(inherited)",
				);
				GCC_WARN_64_TO_32_BIT_CONVERSION = YES;
				GCC_WARN_ABOUT_RETURN_TYPE = YES_ERROR;
				GCC_WARN_UNDECLARED_SELECTOR = YES;
				GCC_WARN_UNINITIALIZED_AUTOS = YES_AGGRESSIVE;
				GCC_WARN_UNUSED_FUNCTION = YES;
				GCC_WARN_UNUSED_VARIABLE = YES;
				IPHONEOS_DEPLOYMENT_TARGET = 9.3;
				MTL_ENABLE_DEBUG_INFO = YES;
				ONLY_ACTIVE_ARCH = YES;
				SDKROOT = iphoneos;
				SWIFT_OPTIMIZATION_LEVEL = "-Onone";
			};
			name = Debug;
		};
		9629350D1D2E9D29004C9EBC /* Release */ = {
			isa = XCBuildConfiguration;
			buildSettings = {
				ALWAYS_SEARCH_USER_PATHS = NO;
				CLANG_ANALYZER_NONNULL = YES;
				CLANG_CXX_LANGUAGE_STANDARD = "gnu++0x";
				CLANG_CXX_LIBRARY = "libc++";
				CLANG_ENABLE_MODULES = YES;
				CLANG_ENABLE_OBJC_ARC = YES;
				CLANG_WARN_BOOL_CONVERSION = YES;
				CLANG_WARN_CONSTANT_CONVERSION = YES;
				CLANG_WARN_DIRECT_OBJC_ISA_USAGE = YES_ERROR;
				CLANG_WARN_EMPTY_BODY = YES;
				CLANG_WARN_ENUM_CONVERSION = YES;
				CLANG_WARN_INT_CONVERSION = YES;
				CLANG_WARN_OBJC_ROOT_CLASS = YES_ERROR;
				CLANG_WARN_UNREACHABLE_CODE = YES;
				CLANG_WARN__DUPLICATE_METHOD_MATCH = YES;
				"CODE_SIGN_IDENTITY[sdk=iphoneos*]" = "iPhone Developer";
				COPY_PHASE_STRIP = NO;
				DEBUG_INFORMATION_FORMAT = "dwarf-with-dsym";
				ENABLE_NS_ASSERTIONS = NO;
				ENABLE_STRICT_OBJC_MSGSEND = YES;
				GCC_C_LANGUAGE_STANDARD = gnu99;
				GCC_NO_COMMON_BLOCKS = YES;
				GCC_WARN_64_TO_32_BIT_CONVERSION = YES;
				GCC_WARN_ABOUT_RETURN_TYPE = YES_ERROR;
				GCC_WARN_UNDECLARED_SELECTOR = YES;
				GCC_WARN_UNINITIALIZED_AUTOS = YES_AGGRESSIVE;
				GCC_WARN_UNUSED_FUNCTION = YES;
				GCC_WARN_UNUSED_VARIABLE = YES;
				IPHONEOS_DEPLOYMENT_TARGET = 9.3;
				MTL_ENABLE_DEBUG_INFO = NO;
				SDKROOT = iphoneos;
				VALIDATE_PRODUCT = YES;
			};
			name = Release;
		};
		9629350F1D2E9D29004C9EBC /* Debug */ = {
			isa = XCBuildConfiguration;
			baseConfigurationReference = 529847FD96E6DA5C11DBE256 /* Pods-pokedex.debug.xcconfig */;
			buildSettings = {
				ASSETCATALOG_COMPILER_APPICON_NAME = AppIcon;
				INFOPLIST_FILE = pokedex/Info.plist;
				LD_RUNPATH_SEARCH_PATHS = "$(inherited) @executable_path/Frameworks";
				PRODUCT_BUNDLE_IDENTIFIER = "lucas-industries.pokedex";
				PRODUCT_NAME = "$(TARGET_NAME)";
			};
			name = Debug;
		};
		962935101D2E9D29004C9EBC /* Release */ = {
			isa = XCBuildConfiguration;
			baseConfigurationReference = A7B46F1D63DD30E841E076BE /* Pods-pokedex.release.xcconfig */;
			buildSettings = {
				ASSETCATALOG_COMPILER_APPICON_NAME = AppIcon;
				INFOPLIST_FILE = pokedex/Info.plist;
				LD_RUNPATH_SEARCH_PATHS = "$(inherited) @executable_path/Frameworks";
				PRODUCT_BUNDLE_IDENTIFIER = "lucas-industries.pokedex";
				PRODUCT_NAME = "$(TARGET_NAME)";
			};
			name = Release;
		};
/* End XCBuildConfiguration section */

/* Begin XCConfigurationList section */
		962934F41D2E9D29004C9EBC /* Build configuration list for PBXProject "pokedex" */ = {
			isa = XCConfigurationList;
			buildConfigurations = (
				9629350C1D2E9D29004C9EBC /* Debug */,
				9629350D1D2E9D29004C9EBC /* Release */,
			);
			defaultConfigurationIsVisible = 0;
			defaultConfigurationName = Release;
		};
		9629350E1D2E9D29004C9EBC /* Build configuration list for PBXNativeTarget "pokedex" */ = {
			isa = XCConfigurationList;
			buildConfigurations = (
				9629350F1D2E9D29004C9EBC /* Debug */,
				962935101D2E9D29004C9EBC /* Release */,
			);
			defaultConfigurationIsVisible = 0;
			defaultConfigurationName = Release;
		};
/* End XCConfigurationList section */

/* Begin XCVersionGroup section */
		962935031D2E9D29004C9EBC /* pokedex.xcdatamodeld */ = {
			isa = XCVersionGroup;
			children = (
				962935041D2E9D29004C9EBC /* pokedex.xcdatamodel */,
			);
			currentVersion = 962935041D2E9D29004C9EBC /* pokedex.xcdatamodel */;
			path = pokedex.xcdatamodeld;
			sourceTree = "<group>";
			versionGroupType = wrapper.xcdatamodel;
		};
/* End XCVersionGroup section */
	};
	rootObject = 962934F11D2E9D29004C9EBC /* Project object */;
}
